
Microsoft Visual Studio Solution File, Format Version 12.00
# Visual Studio 2013
VisualStudioVersion = 12.0.40629.0
MinimumVisualStudioVersion = 10.0.40219.1
Project("{8BC9CEB8-8B4A-11D0-8D11-00A0C91BC942}") = "3.2", "3.2\3.2.vcxproj", "{F1C0D295-4F3B-47D7-B740-A4456DCB35EF}"
EndProject
Global
	GlobalSection(SolutionConfigurationPlatforms) = preSolution
		Debug|Win32 = Debug|Win32
		Release|Win32 = Release|Win32
	EndGlobalSection
	GlobalSection(ProjectConfigurationPlatforms) = postSolution
		{F1C0D295-4F3B-47D7-B740-A4456DCB35EF}.Debug|Win32.ActiveCfg = Debug|Win32
		{F1C0D295-4F3B-47D7-B740-A4456DCB35EF}.Debug|Win32.Build.0 = Debug|Win32
		{F1C0D295-4F3B-47D7-B740-A4456DCB35EF}.Release|Win32.ActiveCfg = Release|Win32
		{F1C0D295-4F3B-47D7-B740-A4456DCB35EF}.Release|Win32.Build.0 = Release|Win32
	EndGlobalSection
	GlobalSection(SolutionProperties) = preSolution
		HideSolutionNode = FALSE
	EndGlobalSection
EndGlobal
